
Microsoft Visual Studio Solution File, Format Version 12.00
# Visual Studio Version 16
VisualStudioVersion = 16.0.31624.102
MinimumVisualStudioVersion = 10.0.40219.1
Project("{FAE04EC0-301F-11D3-BF4B-00C04F79EFBC}") = "FileHelper", "FileHelper\FileHelper.csproj", "{FF829B9F-68C9-4E43-BF9A-1A6CDFF637C5}"
EndProject
Global
	GlobalSection(SolutionConfigurationPlatforms) = preSolution
		Debug|Any CPU = Debug|Any CPU
		Release|Any CPU = Release|Any CPU
	EndGlobalSection
	GlobalSection(ProjectConfigurationPlatforms) = postSolution
		{FF829B9F-68C9-4E43-BF9A-1A6CDFF637C5}.Debug|Any CPU.ActiveCfg = Debug|Any CPU
		{FF829B9F-68C9-4E43-BF9A-1A6CDFF637C5}.Debug|Any CPU.Build.0 = Debug|Any CPU
		{FF829B9F-68C9-4E43-BF9A-1A6CDFF637C5}.Release|Any CPU.ActiveCfg = Release|Any CPU
		{FF829B9F-68C9-4E43-BF9A-1A6CDFF637C5}.Release|Any CPU.Build.0 = Release|Any CPU
	EndGlobalSection
	GlobalSection(SolutionProperties) = preSolution
		HideSolutionNode = FALSE
	EndGlobalSection
	GlobalSection(ExtensibilityGlobals) = postSolution
		SolutionGuid = {ABA701B1-F761-484A-AA1C-92B803A6C5EC}
	EndGlobalSection
EndGlobal
