
Microsoft Visual Studio Solution File, Format Version 12.00
# Visual Studio Version 16
VisualStudioVersion = 16.0.31424.327
MinimumVisualStudioVersion = 10.0.40219.1
Project("{FAE04EC0-301F-11D3-BF4B-00C04F79EFBC}") = "ConsoleOutput", "ConsoleOutput\ConsoleOutput.csproj", "{C39CB4C2-625A-45E9-A8BB-0DADDF579CC0}"
EndProject
Project("{FAE04EC0-301F-11D3-BF4B-00C04F79EFBC}") = "StringL", "StringL\StringL.csproj", "{34BB9BC5-ED7E-4182-9130-3D733AFC695F}"
EndProject
Global
	GlobalSection(SolutionConfigurationPlatforms) = preSolution
		Debug|Any CPU = Debug|Any CPU
		Release|Any CPU = Release|Any CPU
	EndGlobalSection
	GlobalSection(ProjectConfigurationPlatforms) = postSolution
		{C39CB4C2-625A-45E9-A8BB-0DADDF579CC0}.Debug|Any CPU.ActiveCfg = Debug|Any CPU
		{C39CB4C2-625A-45E9-A8BB-0DADDF579CC0}.Debug|Any CPU.Build.0 = Debug|Any CPU
		{C39CB4C2-625A-45E9-A8BB-0DADDF579CC0}.Release|Any CPU.ActiveCfg = Release|Any CPU
		{C39CB4C2-625A-45E9-A8BB-0DADDF579CC0}.Release|Any CPU.Build.0 = Release|Any CPU
		{34BB9BC5-ED7E-4182-9130-3D733AFC695F}.Debug|Any CPU.ActiveCfg = Debug|Any CPU
		{34BB9BC5-ED7E-4182-9130-3D733AFC695F}.Debug|Any CPU.Build.0 = Debug|Any CPU
		{34BB9BC5-ED7E-4182-9130-3D733AFC695F}.Release|Any CPU.ActiveCfg = Release|Any CPU
		{34BB9BC5-ED7E-4182-9130-3D733AFC695F}.Release|Any CPU.Build.0 = Release|Any CPU
	EndGlobalSection
	GlobalSection(SolutionProperties) = preSolution
		HideSolutionNode = FALSE
	EndGlobalSection
	GlobalSection(ExtensibilityGlobals) = postSolution
		SolutionGuid = {CF42EE52-A03B-475C-BA5A-E0E57BBE55D8}
	EndGlobalSection
EndGlobal
