
Microsoft Visual Studio Solution File, Format Version 12.00
# Visual Studio Version 16
VisualStudioVersion = 16.0.31424.327
MinimumVisualStudioVersion = 10.0.40219.1
Project("{FAE04EC0-301F-11D3-BF4B-00C04F79EFBC}") = "ConsoleOutput", "ConsoleOutput\ConsoleOutput.csproj", "{C39CB4C2-625A-45E9-A8BB-0DADDF579CC0}"
EndProject
Project("{FAE04EC0-301F-11D3-BF4B-00C04F79EFBC}") = "StringL", "StringL\StringL.csproj", "{5D89FF29-3B83-48D2-8D17-30AF28487C17}"
EndProject
Project("{FAE04EC0-301F-11D3-BF4B-00C04F79EFBC}") = "PlussD", "PlussD\PlussD.csproj", "{5FBCC7E8-33D9-4EAA-9018-785601A71C9B}"
EndProject
Project("{FAE04EC0-301F-11D3-BF4B-00C04F79EFBC}") = "XOR", "XOR\XOR.csproj", "{61F46A36-1158-44DD-A3C9-BD704AF88C49}"
EndProject
Project("{FAE04EC0-301F-11D3-BF4B-00C04F79EFBC}") = "OtherDataStruct", "OtherDataStruct\OtherDataStruct.csproj", "{D70768C3-FDF4-4BE3-8EB5-2136DBB50477}"
EndProject
Project("{FAE04EC0-301F-11D3-BF4B-00C04F79EFBC}") = "TryCatch", "TryCatch\TryCatch.csproj", "{50C0EF01-19CA-4593-869E-7BB60CDB236B}"
EndProject
Project("{FAE04EC0-301F-11D3-BF4B-00C04F79EFBC}") = "Case", "Case\Case.csproj", "{9C0DB532-DC59-4ACA-9651-F6456774B997}"
EndProject
Project("{FAE04EC0-301F-11D3-BF4B-00C04F79EFBC}") = "Loop", "Loop\Loop.csproj", "{7CA44A29-1ACC-43C7-8156-E1B469B272DB}"
EndProject
Global
	GlobalSection(SolutionConfigurationPlatforms) = preSolution
		Debug|Any CPU = Debug|Any CPU
		Release|Any CPU = Release|Any CPU
	EndGlobalSection
	GlobalSection(ProjectConfigurationPlatforms) = postSolution
		{C39CB4C2-625A-45E9-A8BB-0DADDF579CC0}.Debug|Any CPU.ActiveCfg = Debug|Any CPU
		{C39CB4C2-625A-45E9-A8BB-0DADDF579CC0}.Debug|Any CPU.Build.0 = Debug|Any CPU
		{C39CB4C2-625A-45E9-A8BB-0DADDF579CC0}.Release|Any CPU.ActiveCfg = Release|Any CPU
		{C39CB4C2-625A-45E9-A8BB-0DADDF579CC0}.Release|Any CPU.Build.0 = Release|Any CPU
		{5D89FF29-3B83-48D2-8D17-30AF28487C17}.Debug|Any CPU.ActiveCfg = Debug|Any CPU
		{5D89FF29-3B83-48D2-8D17-30AF28487C17}.Debug|Any CPU.Build.0 = Debug|Any CPU
		{5D89FF29-3B83-48D2-8D17-30AF28487C17}.Release|Any CPU.ActiveCfg = Release|Any CPU
		{5D89FF29-3B83-48D2-8D17-30AF28487C17}.Release|Any CPU.Build.0 = Release|Any CPU
		{5FBCC7E8-33D9-4EAA-9018-785601A71C9B}.Debug|Any CPU.ActiveCfg = Debug|Any CPU
		{5FBCC7E8-33D9-4EAA-9018-785601A71C9B}.Debug|Any CPU.Build.0 = Debug|Any CPU
		{5FBCC7E8-33D9-4EAA-9018-785601A71C9B}.Release|Any CPU.ActiveCfg = Release|Any CPU
		{5FBCC7E8-33D9-4EAA-9018-785601A71C9B}.Release|Any CPU.Build.0 = Release|Any CPU
		{61F46A36-1158-44DD-A3C9-BD704AF88C49}.Debug|Any CPU.ActiveCfg = Debug|Any CPU
		{61F46A36-1158-44DD-A3C9-BD704AF88C49}.Debug|Any CPU.Build.0 = Debug|Any CPU
		{61F46A36-1158-44DD-A3C9-BD704AF88C49}.Release|Any CPU.ActiveCfg = Release|Any CPU
		{61F46A36-1158-44DD-A3C9-BD704AF88C49}.Release|Any CPU.Build.0 = Release|Any CPU
		{D70768C3-FDF4-4BE3-8EB5-2136DBB50477}.Debug|Any CPU.ActiveCfg = Debug|Any CPU
		{D70768C3-FDF4-4BE3-8EB5-2136DBB50477}.Debug|Any CPU.Build.0 = Debug|Any CPU
		{D70768C3-FDF4-4BE3-8EB5-2136DBB50477}.Release|Any CPU.ActiveCfg = Release|Any CPU
		{D70768C3-FDF4-4BE3-8EB5-2136DBB50477}.Release|Any CPU.Build.0 = Release|Any CPU
		{50C0EF01-19CA-4593-869E-7BB60CDB236B}.Debug|Any CPU.ActiveCfg = Debug|Any CPU
		{50C0EF01-19CA-4593-869E-7BB60CDB236B}.Debug|Any CPU.Build.0 = Debug|Any CPU
		{50C0EF01-19CA-4593-869E-7BB60CDB236B}.Release|Any CPU.ActiveCfg = Release|Any CPU
		{50C0EF01-19CA-4593-869E-7BB60CDB236B}.Release|Any CPU.Build.0 = Release|Any CPU
		{9C0DB532-DC59-4ACA-9651-F6456774B997}.Debug|Any CPU.ActiveCfg = Debug|Any CPU
		{9C0DB532-DC59-4ACA-9651-F6456774B997}.Debug|Any CPU.Build.0 = Debug|Any CPU
		{9C0DB532-DC59-4ACA-9651-F6456774B997}.Release|Any CPU.ActiveCfg = Release|Any CPU
		{9C0DB532-DC59-4ACA-9651-F6456774B997}.Release|Any CPU.Build.0 = Release|Any CPU
		{7CA44A29-1ACC-43C7-8156-E1B469B272DB}.Debug|Any CPU.ActiveCfg = Debug|Any CPU
		{7CA44A29-1ACC-43C7-8156-E1B469B272DB}.Debug|Any CPU.Build.0 = Debug|Any CPU
		{7CA44A29-1ACC-43C7-8156-E1B469B272DB}.Release|Any CPU.ActiveCfg = Release|Any CPU
		{7CA44A29-1ACC-43C7-8156-E1B469B272DB}.Release|Any CPU.Build.0 = Release|Any CPU
	EndGlobalSection
	GlobalSection(SolutionProperties) = preSolution
		HideSolutionNode = FALSE
	EndGlobalSection
	GlobalSection(ExtensibilityGlobals) = postSolution
		SolutionGuid = {CF42EE52-A03B-475C-BA5A-E0E57BBE55D8}
	EndGlobalSection
EndGlobal
